
Microsoft Visual Studio Solution File, Format Version 12.00
# Visual Studio Version 16
VisualStudioVersion = 16.0.30503.244
MinimumVisualStudioVersion = 10.0.40219.1
Project("{FAE04EC0-301F-11D3-BF4B-00C04F79EFBC}") = "Calculator", "Calculator\Calculator.csproj", "{7A007C00-EE64-4F43-A460-A12A3B9538E7}"
EndProject
Project("{FAE04EC0-301F-11D3-BF4B-00C04F79EFBC}") = "Collections", "Collections\Collections.csproj", "{B679A7F6-80AD-4B03-819E-A07650A38EB1}"
EndProject
Project("{FAE04EC0-301F-11D3-BF4B-00C04F79EFBC}") = "Expression", "Expression\Expression.csproj", "{BEFF8264-3760-43F2-AD3A-31BD974A9C14}"
EndProject
Global
	GlobalSection(SolutionConfigurationPlatforms) = preSolution
		Debug|Any CPU = Debug|Any CPU
		Release|Any CPU = Release|Any CPU
	EndGlobalSection
	GlobalSection(ProjectConfigurationPlatforms) = postSolution
		{7A007C00-EE64-4F43-A460-A12A3B9538E7}.Debug|Any CPU.ActiveCfg = Debug|Any CPU
		{7A007C00-EE64-4F43-A460-A12A3B9538E7}.Debug|Any CPU.Build.0 = Debug|Any CPU
		{7A007C00-EE64-4F43-A460-A12A3B9538E7}.Debug|Any CPU.Deploy.0 = Debug|Any CPU
		{7A007C00-EE64-4F43-A460-A12A3B9538E7}.Release|Any CPU.ActiveCfg = Release|Any CPU
		{7A007C00-EE64-4F43-A460-A12A3B9538E7}.Release|Any CPU.Build.0 = Release|Any CPU
		{7A007C00-EE64-4F43-A460-A12A3B9538E7}.Release|Any CPU.Deploy.0 = Release|Any CPU
		{B679A7F6-80AD-4B03-819E-A07650A38EB1}.Debug|Any CPU.ActiveCfg = Debug|Any CPU
		{B679A7F6-80AD-4B03-819E-A07650A38EB1}.Debug|Any CPU.Build.0 = Debug|Any CPU
		{B679A7F6-80AD-4B03-819E-A07650A38EB1}.Release|Any CPU.ActiveCfg = Release|Any CPU
		{B679A7F6-80AD-4B03-819E-A07650A38EB1}.Release|Any CPU.Build.0 = Release|Any CPU
		{BEFF8264-3760-43F2-AD3A-31BD974A9C14}.Debug|Any CPU.ActiveCfg = Debug|Any CPU
		{BEFF8264-3760-43F2-AD3A-31BD974A9C14}.Debug|Any CPU.Build.0 = Debug|Any CPU
		{BEFF8264-3760-43F2-AD3A-31BD974A9C14}.Release|Any CPU.ActiveCfg = Release|Any CPU
		{BEFF8264-3760-43F2-AD3A-31BD974A9C14}.Release|Any CPU.Build.0 = Release|Any CPU
	EndGlobalSection
	GlobalSection(SolutionProperties) = preSolution
		HideSolutionNode = FALSE
	EndGlobalSection
	GlobalSection(ExtensibilityGlobals) = postSolution
		SolutionGuid = {CB05AB3E-D3F2-4298-B0B7-0101193E9ABA}
	EndGlobalSection
EndGlobal
